{
  "name": "azure-mcp-build",
  "lockfileVersion": 3,
  "requires": true,
  "packages": {
    "": {
      "dependencies": {
        "@azure/mcp-linux-x64": "^2.0.0-beta.1"
      }
    },
    "node_modules/@azure/mcp-linux-x64": {
      "version": "2.0.0-beta.1",
      "resolved": "https://registry.npmjs.org/@azure/mcp-linux-x64/-/mcp-linux-x64-2.0.0-beta.1.tgz",
      "integrity": "sha512-5Z7yL9cfNH4i4g0AM4ynuVg3ca6lncz+3nkm9aZpdm3ozUW4KMhqecXB8ejT9Ub0Nbyd9/buoOmmACT5yCUemg==",
      "cpu": [
        "x64"
      ],
      "license": "MIT",
      "os": [
        "linux"
      ],
      "bin": {
        "azmcp-linux-x64": "dist/azmcp"
      },
      "engines": {
        "node": ">=20.0.0"
      }
    }
  }
}
